{
  "name": "tensorflow-models",
  "version": "0.0.1",
  "lockfileVersion": 1,
  "requires": true,
  "dependencies": {
    "@tensorflow-models/posenet": {
      "version": "1.0.3",
      "resolved": "https://registry.npmjs.org/@tensorflow-models/posenet/-/posenet-1.0.3.tgz",
      "integrity": "sha512-8VK8cNqX/qwsIGvG/opz0b5tbv27kqNI21JnL79EQ/oHRYHXz6JOqVFfCtNuLGwpvtypdGfcFDQwvJEZ7WniDw=="
    }
  }
}
